
Microsoft Visual Studio Solution File, Format Version 12.00
# Visual Studio Version 16
VisualStudioVersion = 16.0.29326.143
MinimumVisualStudioVersion = 10.0.40219.1
Project("{FAE04EC0-301F-11D3-BF4B-00C04F79EFBC}") = "TemaZodiac", "TemaZodiac\TemaZodiac.csproj", "{CE1AC74E-4333-4982-A65B-76404C035894}"
EndProject
Project("{FAE04EC0-301F-11D3-BF4B-00C04F79EFBC}") = "Client", "Client\Client.csproj", "{B3A1015C-F0CD-4E40-9003-80FB762C74D7}"
EndProject
Global
	GlobalSection(SolutionConfigurationPlatforms) = preSolution
		Debug|Any CPU = Debug|Any CPU
		Release|Any CPU = Release|Any CPU
	EndGlobalSection
	GlobalSection(ProjectConfigurationPlatforms) = postSolution
		{CE1AC74E-4333-4982-A65B-76404C035894}.Debug|Any CPU.ActiveCfg = Debug|Any CPU
		{CE1AC74E-4333-4982-A65B-76404C035894}.Debug|Any CPU.Build.0 = Debug|Any CPU
		{CE1AC74E-4333-4982-A65B-76404C035894}.Release|Any CPU.ActiveCfg = Release|Any CPU
		{CE1AC74E-4333-4982-A65B-76404C035894}.Release|Any CPU.Build.0 = Release|Any CPU
		{B3A1015C-F0CD-4E40-9003-80FB762C74D7}.Debug|Any CPU.ActiveCfg = Debug|Any CPU
		{B3A1015C-F0CD-4E40-9003-80FB762C74D7}.Debug|Any CPU.Build.0 = Debug|Any CPU
		{B3A1015C-F0CD-4E40-9003-80FB762C74D7}.Release|Any CPU.ActiveCfg = Release|Any CPU
		{B3A1015C-F0CD-4E40-9003-80FB762C74D7}.Release|Any CPU.Build.0 = Release|Any CPU
	EndGlobalSection
	GlobalSection(SolutionProperties) = preSolution
		HideSolutionNode = FALSE
	EndGlobalSection
	GlobalSection(ExtensibilityGlobals) = postSolution
		SolutionGuid = {8A0408F4-F4CC-4541-9367-2EC9604C9714}
	EndGlobalSection
EndGlobal
